
Microsoft Visual Studio Solution File, Format Version 12.00
# Visual Studio 2012
Project("{8BC9CEB8-8B4A-11D0-8D11-00A0C91BC942}") = "regular_expression", "regular_expression\regular_expression.vcxproj", "{D93EA815-D8E1-464D-A6FB-2CCE28C601AC}"
EndProject
Global
	GlobalSection(SolutionConfigurationPlatforms) = preSolution
		Debug|Win32 = Debug|Win32
		Release|Win32 = Release|Win32
	EndGlobalSection
	GlobalSection(ProjectConfigurationPlatforms) = postSolution
		{D93EA815-D8E1-464D-A6FB-2CCE28C601AC}.Debug|Win32.ActiveCfg = Debug|Win32
		{D93EA815-D8E1-464D-A6FB-2CCE28C601AC}.Debug|Win32.Build.0 = Debug|Win32
		{D93EA815-D8E1-464D-A6FB-2CCE28C601AC}.Release|Win32.ActiveCfg = Release|Win32
		{D93EA815-D8E1-464D-A6FB-2CCE28C601AC}.Release|Win32.Build.0 = Release|Win32
	EndGlobalSection
	GlobalSection(SolutionProperties) = preSolution
		HideSolutionNode = FALSE
	EndGlobalSection
EndGlobal
